
Microsoft Visual Studio Solution File, Format Version 12.00
# Visual Studio Version 17
VisualStudioVersion = 17.6.33829.357
MinimumVisualStudioVersion = 10.0.40219.1
Project("{FAE04EC0-301F-11D3-BF4B-00C04F79EFBC}") = "HomelistiAPI", "WebApplication3\HomelistiAPI.csproj", "{B264173B-E7A5-483E-A8EC-D122351AD0F6}"
EndProject
Global
	GlobalSection(SolutionConfigurationPlatforms) = preSolution
		Debug|Any CPU = Debug|Any CPU
		Release|Any CPU = Release|Any CPU
	EndGlobalSection
	GlobalSection(ProjectConfigurationPlatforms) = postSolution
		{B264173B-E7A5-483E-A8EC-D122351AD0F6}.Debug|Any CPU.ActiveCfg = Debug|Any CPU
		{B264173B-E7A5-483E-A8EC-D122351AD0F6}.Debug|Any CPU.Build.0 = Debug|Any CPU
		{B264173B-E7A5-483E-A8EC-D122351AD0F6}.Release|Any CPU.ActiveCfg = Release|Any CPU
		{B264173B-E7A5-483E-A8EC-D122351AD0F6}.Release|Any CPU.Build.0 = Release|Any CPU
	EndGlobalSection
	GlobalSection(SolutionProperties) = preSolution
		HideSolutionNode = FALSE
	EndGlobalSection
	GlobalSection(ExtensibilityGlobals) = postSolution
		SolutionGuid = {5EA2E62A-54D1-4E33-BBCA-2A92C9539B70}
	EndGlobalSection
EndGlobal
